
Microsoft Visual Studio Solution File, Format Version 12.00
# Visual Studio Version 17
VisualStudioVersion = 17.2.32516.85
MinimumVisualStudioVersion = 10.0.40219.1
Project("{FAE04EC0-301F-11D3-BF4B-00C04F79EFBC}") = "CollectionsPractice", "CollectionsPractice.csproj", "{0B13055E-B7ED-4D4B-B399-8D46DDE1B1A3}"
EndProject
Global
	GlobalSection(SolutionConfigurationPlatforms) = preSolution
		Debug|Any CPU = Debug|Any CPU
		Release|Any CPU = Release|Any CPU
	EndGlobalSection
	GlobalSection(ProjectConfigurationPlatforms) = postSolution
		{0B13055E-B7ED-4D4B-B399-8D46DDE1B1A3}.Debug|Any CPU.ActiveCfg = Debug|Any CPU
		{0B13055E-B7ED-4D4B-B399-8D46DDE1B1A3}.Debug|Any CPU.Build.0 = Debug|Any CPU
		{0B13055E-B7ED-4D4B-B399-8D46DDE1B1A3}.Release|Any CPU.ActiveCfg = Release|Any CPU
		{0B13055E-B7ED-4D4B-B399-8D46DDE1B1A3}.Release|Any CPU.Build.0 = Release|Any CPU
	EndGlobalSection
	GlobalSection(SolutionProperties) = preSolution
		HideSolutionNode = FALSE
	EndGlobalSection
	GlobalSection(ExtensibilityGlobals) = postSolution
		SolutionGuid = {A9024507-4362-4779-8586-EDE80D432571}
	EndGlobalSection
EndGlobal
